{
  "originHash" : "75beba8c096ae08ec427bc6369589c5329c47d5058988aa7b795bed2612369bf",
  "pins" : [
    {
      "identity" : "calendarkit",
      "kind" : "remoteSourceControl",
      "location" : "https://github.com/richardtop/CalendarKit",
      "state" : {
        "revision" : "89e02a1472e9ad815ae72b62fd15430144fd1c4c",
        "version" : "1.1.11"
      }
    },
    {
      "identity" : "kvkcalendar",
      "kind" : "remoteSourceControl",
      "location" : "https://github.com/kvyatkovskys/KVKCalendar",
      "state" : {
        "revision" : "fbd59e96585c9131c73f1a192b774c0ed9490f45",
        "version" : "0.6.29"
      }
    }
  ],
  "version" : 3
}
