// !$*UTF8*$!
{
	archiveVersion = 1;
	classes = {
	};
	objectVersion = 77;
	objects = {

/* Begin PBXContainerItemProxy section */
		452463022D6DFF6B009C2EEC /* PBXContainerItemProxy */ = {
			isa = PBXContainerItemProxy;
			containerPortal = 452462E72D6DFF69009C2EEC /* Project object */;
			proxyType = 1;
			remoteGlobalIDString = 452462EE2D6DFF69009C2EEC;
			remoteInfo = "CCZU-helper";
		};
		4524630C2D6DFF6B009C2EEC /* PBXContainerItemProxy */ = {
			isa = PBXContainerItemProxy;
			containerPortal = 452462E72D6DFF69009C2EEC /* Project object */;
			proxyType = 1;
			remoteGlobalIDString = 452462EE2D6DFF69009C2EEC;
			remoteInfo = "CCZU-helper";
		};
/* End PBXContainerItemProxy section */

/* Begin PBXFileReference section */
		452462EF2D6DFF69009C2EEC /* CCZU-helper.app */ = {isa = PBXFileReference; explicitFileType = wrapper.application; includeInIndex = 0; path = "CCZU-helper.app"; sourceTree = BUILT_PRODUCTS_DIR; };
		452463012D6DFF6B009C2EEC /* CCZU-helperTests.xctest */ = {isa = PBXFileReference; explicitFileType = wrapper.cfbundle; includeInIndex = 0; path = "CCZU-helperTests.xctest"; sourceTree = BUILT_PRODUCTS_DIR; };
		4524630B2D6DFF6B009C2EEC /* CCZU-helperUITests.xctest */ = {isa = PBXFileReference; explicitFileType = wrapper.cfbundle; includeInIndex = 0; path = "CCZU-helperUITests.xctest"; sourceTree = BUILT_PRODUCTS_DIR; };
/* End PBXFileReference section */

/* Begin PBXFileSystemSynchronizedRootGroup section */
		452462F12D6DFF69009C2EEC /* CCZU-helper */ = {
			isa = PBXFileSystemSynchronizedRootGroup;
			path = "CCZU-helper";
			sourceTree = "<group>";
		};
		452463042D6DFF6B009C2EEC /* CCZU-helperTests */ = {
			isa = PBXFileSystemSynchronizedRootGroup;
			path = "CCZU-helperTests";
			sourceTree = "<group>";
		};
		4524630E2D6DFF6B009C2EEC /* CCZU-helperUITests */ = {
			isa = PBXFileSystemSynchronizedRootGroup;
			path = "CCZU-helperUITests";
			sourceTree = "<group>";
		};
/* End PBXFileSystemSynchronizedRootGroup section */

/* Begin PBXFrameworksBuildPhase section */
		452462EC2D6DFF69009C2EEC /* Frameworks */ = {
			isa = PBXFrameworksBuildPhase;
			buildActionMask = 2147483647;
			files = (
			);
			runOnlyForDeploymentPostprocessing = 0;
		};
		452462FE2D6DFF6B009C2EEC /* Frameworks */ = {
			isa = PBXFrameworksBuildPhase;
			buildActionMask = 2147483647;
			files = (
			);
			runOnlyForDeploymentPostprocessing = 0;
		};
		452463082D6DFF6B009C2EEC /* Frameworks */ = {
			isa = PBXFrameworksBuildPhase;
			buildActionMask = 2147483647;
			files = (
			);
			runOnlyForDeploymentPostprocessing = 0;
		};
/* End PBXFrameworksBuildPhase section */

/* Begin PBXGroup section */
		452462E62D6DFF69009C2EEC = {
			isa = PBXGroup;
			children = (
				452462F12D6DFF69009C2EEC /* CCZU-helper */,
				452463042D6DFF6B009C2EEC /* CCZU-helperTests */,
				4524630E2D6DFF6B009C2EEC /* CCZU-helperUITests */,
				452462F02D6DFF69009C2EEC /* Products */,
			);
			sourceTree = "<group>";
		};
		452462F02D6DFF69009C2EEC /* Products */ = {
			isa = PBXGroup;
			children = (
				452462EF2D6DFF69009C2EEC /* CCZU-helper.app */,
				452463012D6DFF6B009C2EEC /* CCZU-helperTests.xctest */,
				4524630B2D6DFF6B009C2EEC /* CCZU-helperUITests.xctest */,
			);
			name = Products;
			sourceTree = "<group>";
		};
/* End PBXGroup section */

/* Begin PBXNativeTarget section */
		452462EE2D6DFF69009C2EEC /* CCZU-helper */ = {
			isa = PBXNativeTarget;
			buildConfigurationList = 452463152D6DFF6B009C2EEC /* Build configuration list for PBXNativeTarget "CCZU-helper" */;
			buildPhases = (
				452462EB2D6DFF69009C2EEC /* Sources */,
				452462EC2D6DFF69009C2EEC /* Frameworks */,
				452462ED2D6DFF69009C2EEC /* Resources */,
			);
			buildRules = (
			);
			dependencies = (
			);
			fileSystemSynchronizedGroups = (
				452462F12D6DFF69009C2EEC /* CCZU-helper */,
			);
			name = "CCZU-helper";
			packageProductDependencies = (
			);
			productName = "CCZU-helper";
			productReference = 452462EF2D6DFF69009C2EEC /* CCZU-helper.app */;
			productType = "com.apple.product-type.application";
		};
		452463002D6DFF6B009C2EEC /* CCZU-helperTests */ = {
			isa = PBXNativeTarget;
			buildConfigurationList = 452463182D6DFF6B009C2EEC /* Build configuration list for PBXNativeTarget "CCZU-helperTests" */;
			buildPhases = (
				452462FD2D6DFF6B009C2EEC /* Sources */,
				452462FE2D6DFF6B009C2EEC /* Frameworks */,
				452462FF2D6DFF6B009C2EEC /* Resources */,
			);
			buildRules = (
			);
			dependencies = (
				452463032D6DFF6B009C2EEC /* PBXTargetDependency */,
			);
			fileSystemSynchronizedGroups = (
				452463042D6DFF6B009C2EEC /* CCZU-helperTests */,
			);
			name = "CCZU-helperTests";
			packageProductDependencies = (
			);
			productName = "CCZU-helperTests";
			productReference = 452463012D6DFF6B009C2EEC /* CCZU-helperTests.xctest */;
			productType = "com.apple.product-type.bundle.unit-test";
		};
		4524630A2D6DFF6B009C2EEC /* CCZU-helperUITests */ = {
			isa = PBXNativeTarget;
			buildConfigurationList = 4524631B2D6DFF6B009C2EEC /* Build configuration list for PBXNativeTarget "CCZU-helperUITests" */;
			buildPhases = (
				452463072D6DFF6B009C2EEC /* Sources */,
				452463082D6DFF6B009C2EEC /* Frameworks */,
				452463092D6DFF6B009C2EEC /* Resources */,
			);
			buildRules = (
			);
			dependencies = (
				4524630D2D6DFF6B009C2EEC /* PBXTargetDependency */,
			);
			fileSystemSynchronizedGroups = (
				4524630E2D6DFF6B009C2EEC /* CCZU-helperUITests */,
			);
			name = "CCZU-helperUITests";
			packageProductDependencies = (
			);
			productName = "CCZU-helperUITests";
			productReference = 4524630B2D6DFF6B009C2EEC /* CCZU-helperUITests.xctest */;
			productType = "com.apple.product-type.bundle.ui-testing";
		};
/* End PBXNativeTarget section */

/* Begin PBXProject section */
		452462E72D6DFF69009C2EEC /* Project object */ = {
			isa = PBXProject;
			attributes = {
				BuildIndependentTargetsInParallel = 1;
				LastSwiftUpdateCheck = 1620;
				LastUpgradeCheck = 1620;
				TargetAttributes = {
					452462EE2D6DFF69009C2EEC = {
						CreatedOnToolsVersion = 16.2;
					};
					452463002D6DFF6B009C2EEC = {
						CreatedOnToolsVersion = 16.2;
						TestTargetID = 452462EE2D6DFF69009C2EEC;
					};
					4524630A2D6DFF6B009C2EEC = {
						CreatedOnToolsVersion = 16.2;
						TestTargetID = 452462EE2D6DFF69009C2EEC;
					};
				};
			};
			buildConfigurationList = 452462EA2D6DFF69009C2EEC /* Build configuration list for PBXProject "CCZU-helper" */;
			developmentRegion = en;
			hasScannedForEncodings = 0;
			knownRegions = (
				en,
				Base,
			);
			mainGroup = 452462E62D6DFF69009C2EEC;
			minimizedProjectReferenceProxies = 1;
			preferredProjectObjectVersion = 77;
			productRefGroup = 452462F02D6DFF69009C2EEC /* Products */;
			projectDirPath = "";
			projectRoot = "";
			targets = (
				452462EE2D6DFF69009C2EEC /* CCZU-helper */,
				452463002D6DFF6B009C2EEC /* CCZU-helperTests */,
				4524630A2D6DFF6B009C2EEC /* CCZU-helperUITests */,
			);
		};
/* End PBXProject section */

/* Begin PBXResourcesBuildPhase section */
		452462ED2D6DFF69009C2EEC /* Resources */ = {
			isa = PBXResourcesBuildPhase;
			buildActionMask = 2147483647;
			files = (
			);
			runOnlyForDeploymentPostprocessing = 0;
		};
		452462FF2D6DFF6B009C2EEC /* Resources */ = {
			isa = PBXResourcesBuildPhase;
			buildActionMask = 2147483647;
			files = (
			);
			runOnlyForDeploymentPostprocessing = 0;
		};
		452463092D6DFF6B009C2EEC /* Resources */ = {
			isa = PBXResourcesBuildPhase;
			buildActionMask = 2147483647;
			files = (
			);
			runOnlyForDeploymentPostprocessing = 0;
		};
/* End PBXResourcesBuildPhase section */

/* Begin PBXSourcesBuildPhase section */
		452462EB2D6DFF69009C2EEC /* Sources */ = {
			isa = PBXSourcesBuildPhase;
			buildActionMask = 2147483647;
			files = (
			);
			runOnlyForDeploymentPostprocessing = 0;
		};
		452462FD2D6DFF6B009C2EEC /* Sources */ = {
			isa = PBXSourcesBuildPhase;
			buildActionMask = 2147483647;
			files = (
			);
			runOnlyForDeploymentPostprocessing = 0;
		};
		452463072D6DFF6B009C2EEC /* Sources */ = {
			isa = PBXSourcesBuildPhase;
			buildActionMask = 2147483647;
			files = (
			);
			runOnlyForDeploymentPostprocessing = 0;
		};
/* End PBXSourcesBuildPhase section */

/* Begin PBXTargetDependency section */
		452463032D6DFF6B009C2EEC /* PBXTargetDependency */ = {
			isa = PBXTargetDependency;
			target = 452462EE2D6DFF69009C2EEC /* CCZU-helper */;
			targetProxy = 452463022D6DFF6B009C2EEC /* PBXContainerItemProxy */;
		};
		4524630D2D6DFF6B009C2EEC /* PBXTargetDependency */ = {
			isa = PBXTargetDependency;
			target = 452462EE2D6DFF69009C2EEC /* CCZU-helper */;
			targetProxy = 4524630C2D6DFF6B009C2EEC /* PBXContainerItemProxy */;
		};
/* End PBXTargetDependency section */

/* Begin XCBuildConfiguration section */
		452463132D6DFF6B009C2EEC /* Debug */ = {
			isa = XCBuildConfiguration;
			buildSettings = {
				ALWAYS_SEARCH_USER_PATHS = NO;
				ASSETCATALOG_COMPILER_GENERATE_SWIFT_ASSET_SYMBOL_EXTENSIONS = YES;
				CLANG_ANALYZER_NONNULL = YES;
				CLANG_ANALYZER_NUMBER_OBJECT_CONVERSION = YES_AGGRESSIVE;
				CLANG_CXX_LANGUAGE_STANDARD = "gnu++20";
				CLANG_ENABLE_MODULES = YES;
				CLANG_ENABLE_OBJC_ARC = YES;
				CLANG_ENABLE_OBJC_WEAK = YES;
				CLANG_WARN_BLOCK_CAPTURE_AUTORELEASING = YES;
				CLANG_WARN_BOOL_CONVERSION = YES;
				CLANG_WARN_COMMA = YES;
				CLANG_WARN_CONSTANT_CONVERSION = YES;
				CLANG_WARN_DEPRECATED_OBJC_IMPLEMENTATIONS = YES;
				CLANG_WARN_DIRECT_OBJC_ISA_USAGE = YES_ERROR;
				CLANG_WARN_DOCUMENTATION_COMMENTS = YES;
				CLANG_WARN_EMPTY_BODY = YES;
				CLANG_WARN_ENUM_CONVERSION = YES;
				CLANG_WARN_INFINITE_RECURSION = YES;
				CLANG_WARN_INT_CONVERSION = YES;
				CLANG_WARN_NON_LITERAL_NULL_CONVERSION = YES;
				CLANG_WARN_OBJC_IMPLICIT_RETAIN_SELF = YES;
				CLANG_WARN_OBJC_LITERAL_CONVERSION = YES;
				CLANG_WARN_OBJC_ROOT_CLASS = YES_ERROR;
				CLANG_WARN_QUOTED_INCLUDE_IN_FRAMEWORK_HEADER = YES;
				CLANG_WARN_RANGE_LOOP_ANALYSIS = YES;
				CLANG_WARN_STRICT_PROTOTYPES = YES;
				CLANG_WARN_SUSPICIOUS_MOVE = YES;
				CLANG_WARN_UNGUARDED_AVAILABILITY = YES_AGGRESSIVE;
				CLANG_WARN_UNREACHABLE_CODE = YES;
				CLANG_WARN__DUPLICATE_METHOD_MATCH = YES;
				COPY_PHASE_STRIP = NO;
				DEBUG_INFORMATION_FORMAT = dwarf;
				ENABLE_STRICT_OBJC_MSGSEND = YES;
				ENABLE_TESTABILITY = YES;
				ENABLE_USER_SCRIPT_SANDBOXING = YES;
				GCC_C_LANGUAGE_STANDARD = gnu17;
				GCC_DYNAMIC_NO_PIC = NO;
				GCC_NO_COMMON_BLOCKS = YES;
				GCC_OPTIMIZATION_LEVEL = 0;
				GCC_PREPROCESSOR_DEFINITIONS = (
					"DEBUG=1",
					"$(inherited)",
				);
				GCC_WARN_64_TO_32_BIT_CONVERSION = YES;
				GCC_WARN_ABOUT_RETURN_TYPE = YES_ERROR;
				GCC_WARN_UNDECLARED_SELECTOR = YES;
				GCC_WARN_UNINITIALIZED_AUTOS = YES_AGGRESSIVE;
				GCC_WARN_UNUSED_FUNCTION = YES;
				GCC_WARN_UNUSED_VARIABLE = YES;
				IPHONEOS_DEPLOYMENT_TARGET = 18.2;
				LOCALIZATION_PREFERS_STRING_CATALOGS = YES;
				MTL_ENABLE_DEBUG_INFO = INCLUDE_SOURCE;
				MTL_FAST_MATH = YES;
				ONLY_ACTIVE_ARCH = YES;
				SDKROOT = iphoneos;
				SWIFT_ACTIVE_COMPILATION_CONDITIONS = "DEBUG $(inherited)";
				SWIFT_OPTIMIZATION_LEVEL = "-Onone";
			};
			name = Debug;
		};
		452463142D6DFF6B009C2EEC /* Release */ = {
			isa = XCBuildConfiguration;
			buildSettings = {
				ALWAYS_SEARCH_USER_PATHS = NO;
				ASSETCATALOG_COMPILER_GENERATE_SWIFT_ASSET_SYMBOL_EXTENSIONS = YES;
				CLANG_ANALYZER_NONNULL = YES;
				CLANG_ANALYZER_NUMBER_OBJECT_CONVERSION = YES_AGGRESSIVE;
				CLANG_CXX_LANGUAGE_STANDARD = "gnu++20";
				CLANG_ENABLE_MODULES = YES;
				CLANG_ENABLE_OBJC_ARC = YES;
				CLANG_ENABLE_OBJC_WEAK = YES;
				CLANG_WARN_BLOCK_CAPTURE_AUTORELEASING = YES;
				CLANG_WARN_BOOL_CONVERSION = YES;
				CLANG_WARN_COMMA = YES;
				CLANG_WARN_CONSTANT_CONVERSION = YES;
				CLANG_WARN_DEPRECATED_OBJC_IMPLEMENTATIONS = YES;
				CLANG_WARN_DIRECT_OBJC_ISA_USAGE = YES_ERROR;
				CLANG_WARN_DOCUMENTATION_COMMENTS = YES;
				CLANG_WARN_EMPTY_BODY = YES;
				CLANG_WARN_ENUM_CONVERSION = YES;
				CLANG_WARN_INFINITE_RECURSION = YES;
				CLANG_WARN_INT_CONVERSION = YES;
				CLANG_WARN_NON_LITERAL_NULL_CONVERSION = YES;
				CLANG_WARN_OBJC_IMPLICIT_RETAIN_SELF = YES;
				CLANG_WARN_OBJC_LITERAL_CONVERSION = YES;
				CLANG_WARN_OBJC_ROOT_CLASS = YES_ERROR;
				CLANG_WARN_QUOTED_INCLUDE_IN_FRAMEWORK_HEADER = YES;
				CLANG_WARN_RANGE_LOOP_ANALYSIS = YES;
				CLANG_WARN_STRICT_PROTOTYPES = YES;
				CLANG_WARN_SUSPICIOUS_MOVE = YES;
				CLANG_WARN_UNGUARDED_AVAILABILITY = YES_AGGRESSIVE;
				CLANG_WARN_UNREACHABLE_CODE = YES;
				CLANG_WARN__DUPLICATE_METHOD_MATCH = YES;
				COPY_PHASE_STRIP = NO;
				DEBUG_INFORMATION_FORMAT = "dwarf-with-dsym";
				ENABLE_NS_ASSERTIONS = NO;
				ENABLE_STRICT_OBJC_MSGSEND = YES;
				ENABLE_USER_SCRIPT_SANDBOXING = YES;
				GCC_C_LANGUAGE_STANDARD = gnu17;
				GCC_NO_COMMON_BLOCKS = YES;
				GCC_WARN_64_TO_32_BIT_CONVERSION = YES;
				GCC_WARN_ABOUT_RETURN_TYPE = YES_ERROR;
				GCC_WARN_UNDECLARED_SELECTOR = YES;
				GCC_WARN_UNINITIALIZED_AUTOS = YES_AGGRESSIVE;
				GCC_WARN_UNUSED_FUNCTION = YES;
				GCC_WARN_UNUSED_VARIABLE = YES;
				IPHONEOS_DEPLOYMENT_TARGET = 18.2;
				LOCALIZATION_PREFERS_STRING_CATALOGS = YES;
				MTL_ENABLE_DEBUG_INFO = NO;
				MTL_FAST_MATH = YES;
				SDKROOT = iphoneos;
				SWIFT_COMPILATION_MODE = wholemodule;
				VALIDATE_PRODUCT = YES;
			};
			name = Release;
		};
		452463162D6DFF6B009C2EEC /* Debug */ = {
			isa = XCBuildConfiguration;
			buildSettings = {
				ASSETCATALOG_COMPILER_APPICON_NAME = AppIcon;
				ASSETCATALOG_COMPILER_GLOBAL_ACCENT_COLOR_NAME = AccentColor;
				CODE_SIGN_STYLE = Automatic;
				CURRENT_PROJECT_VERSION = 1;
				DEVELOPMENT_ASSET_PATHS = "\"CCZU-helper/Preview Content\"";
				DEVELOPMENT_TEAM = 5ZQYJCJ979;
				ENABLE_PREVIEWS = YES;
				GENERATE_INFOPLIST_FILE = YES;
				INFOPLIST_KEY_UIApplicationSceneManifest_Generation = YES;
				INFOPLIST_KEY_UIApplicationSupportsIndirectInputEvents = YES;
				INFOPLIST_KEY_UILaunchScreen_Generation = YES;
				INFOPLIST_KEY_UISupportedInterfaceOrientations_iPad = "UIInterfaceOrientationPortrait UIInterfaceOrientationPortraitUpsideDown UIInterfaceOrientationLandscapeLeft UIInterfaceOrientationLandscapeRight";
				INFOPLIST_KEY_UISupportedInterfaceOrientations_iPhone = "UIInterfaceOrientationPortrait UIInterfaceOrientationLandscapeLeft UIInterfaceOrientationLandscapeRight";
				LD_RUNPATH_SEARCH_PATHS = (
					"$(inherited)",
					"@executable_path/Frameworks",
				);
				MARKETING_VERSION = 1.0;
				PRODUCT_BUNDLE_IDENTIFIER = "RayanceKing.CCZU-helper";
				PRODUCT_NAME = "$(TARGET_NAME)";
				SWIFT_EMIT_LOC_STRINGS = YES;
				SWIFT_VERSION = 5.0;
				TARGETED_DEVICE_FAMILY = "1,2";
			};
			name = Debug;
		};
		452463172D6DFF6B009C2EEC /* Release */ = {
			isa = XCBuildConfiguration;
			buildSettings = {
				ASSETCATALOG_COMPILER_APPICON_NAME = AppIcon;
				ASSETCATALOG_COMPILER_GLOBAL_ACCENT_COLOR_NAME = AccentColor;
				CODE_SIGN_STYLE = Automatic;
				CURRENT_PROJECT_VERSION = 1;
				DEVELOPMENT_ASSET_PATHS = "\"CCZU-helper/Preview Content\"";
				DEVELOPMENT_TEAM = 5ZQYJCJ979;
				ENABLE_PREVIEWS = YES;
				GENERATE_INFOPLIST_FILE = YES;
				INFOPLIST_KEY_UIApplicationSceneManifest_Generation = YES;
				INFOPLIST_KEY_UIApplicationSupportsIndirectInputEvents = YES;
				INFOPLIST_KEY_UILaunchScreen_Generation = YES;
				INFOPLIST_KEY_UISupportedInterfaceOrientations_iPad = "UIInterfaceOrientationPortrait UIInterfaceOrientationPortraitUpsideDown UIInterfaceOrientationLandscapeLeft UIInterfaceOrientationLandscapeRight";
				INFOPLIST_KEY_UISupportedInterfaceOrientations_iPhone = "UIInterfaceOrientationPortrait UIInterfaceOrientationLandscapeLeft UIInterfaceOrientationLandscapeRight";
				LD_RUNPATH_SEARCH_PATHS = (
					"$(inherited)",
					"@executable_path/Frameworks",
				);
				MARKETING_VERSION = 1.0;
				PRODUCT_BUNDLE_IDENTIFIER = "RayanceKing.CCZU-helper";
				PRODUCT_NAME = "$(TARGET_NAME)";
				SWIFT_EMIT_LOC_STRINGS = YES;
				SWIFT_VERSION = 5.0;
				TARGETED_DEVICE_FAMILY = "1,2";
			};
			name = Release;
		};
		452463192D6DFF6B009C2EEC /* Debug */ = {
			isa = XCBuildConfiguration;
			buildSettings = {
				BUNDLE_LOADER = "$(TEST_HOST)";
				CODE_SIGN_STYLE = Automatic;
				CURRENT_PROJECT_VERSION = 1;
				DEVELOPMENT_TEAM = 5ZQYJCJ979;
				GENERATE_INFOPLIST_FILE = YES;
				IPHONEOS_DEPLOYMENT_TARGET = 18.2;
				MARKETING_VERSION = 1.0;
				PRODUCT_BUNDLE_IDENTIFIER = "RayanceKing.CCZU-helperTests";
				PRODUCT_NAME = "$(TARGET_NAME)";
				SWIFT_EMIT_LOC_STRINGS = NO;
				SWIFT_VERSION = 5.0;
				TARGETED_DEVICE_FAMILY = "1,2";
				TEST_HOST = "$(BUILT_PRODUCTS_DIR)/CCZU-helper.app/$(BUNDLE_EXECUTABLE_FOLDER_PATH)/CCZU-helper";
			};
			name = Debug;
		};
		4524631A2D6DFF6B009C2EEC /* Release */ = {
			isa = XCBuildConfiguration;
			buildSettings = {
				BUNDLE_LOADER = "$(TEST_HOST)";
				CODE_SIGN_STYLE = Automatic;
				CURRENT_PROJECT_VERSION = 1;
				DEVELOPMENT_TEAM = 5ZQYJCJ979;
				GENERATE_INFOPLIST_FILE = YES;
				IPHONEOS_DEPLOYMENT_TARGET = 18.2;
				MARKETING_VERSION = 1.0;
				PRODUCT_BUNDLE_IDENTIFIER = "RayanceKing.CCZU-helperTests";
				PRODUCT_NAME = "$(TARGET_NAME)";
				SWIFT_EMIT_LOC_STRINGS = NO;
				SWIFT_VERSION = 5.0;
				TARGETED_DEVICE_FAMILY = "1,2";
				TEST_HOST = "$(BUILT_PRODUCTS_DIR)/CCZU-helper.app/$(BUNDLE_EXECUTABLE_FOLDER_PATH)/CCZU-helper";
			};
			name = Release;
		};
		4524631C2D6DFF6B009C2EEC /* Debug */ = {
			isa = XCBuildConfiguration;
			buildSettings = {
				CODE_SIGN_STYLE = Automatic;
				CURRENT_PROJECT_VERSION = 1;
				DEVELOPMENT_TEAM = 5ZQYJCJ979;
				GENERATE_INFOPLIST_FILE = YES;
				MARKETING_VERSION = 1.0;
				PRODUCT_BUNDLE_IDENTIFIER = "RayanceKing.CCZU-helperUITests";
				PRODUCT_NAME = "$(TARGET_NAME)";
				SWIFT_EMIT_LOC_STRINGS = NO;
				SWIFT_VERSION = 5.0;
				TARGETED_DEVICE_FAMILY = "1,2";
				TEST_TARGET_NAME = "CCZU-helper";
			};
			name = Debug;
		};
		4524631D2D6DFF6B009C2EEC /* Release */ = {
			isa = XCBuildConfiguration;
			buildSettings = {
				CODE_SIGN_STYLE = Automatic;
				CURRENT_PROJECT_VERSION = 1;
				DEVELOPMENT_TEAM = 5ZQYJCJ979;
				GENERATE_INFOPLIST_FILE = YES;
				MARKETING_VERSION = 1.0;
				PRODUCT_BUNDLE_IDENTIFIER = "RayanceKing.CCZU-helperUITests";
				PRODUCT_NAME = "$(TARGET_NAME)";
				SWIFT_EMIT_LOC_STRINGS = NO;
				SWIFT_VERSION = 5.0;
				TARGETED_DEVICE_FAMILY = "1,2";
				TEST_TARGET_NAME = "CCZU-helper";
			};
			name = Release;
		};
/* End XCBuildConfiguration section */

/* Begin XCConfigurationList section */
		452462EA2D6DFF69009C2EEC /* Build configuration list for PBXProject "CCZU-helper" */ = {
			isa = XCConfigurationList;
			buildConfigurations = (
				452463132D6DFF6B009C2EEC /* Debug */,
				452463142D6DFF6B009C2EEC /* Release */,
			);
			defaultConfigurationIsVisible = 0;
			defaultConfigurationName = Release;
		};
		452463152D6DFF6B009C2EEC /* Build configuration list for PBXNativeTarget "CCZU-helper" */ = {
			isa = XCConfigurationList;
			buildConfigurations = (
				452463162D6DFF6B009C2EEC /* Debug */,
				452463172D6DFF6B009C2EEC /* Release */,
			);
			defaultConfigurationIsVisible = 0;
			defaultConfigurationName = Release;
		};
		452463182D6DFF6B009C2EEC /* Build configuration list for PBXNativeTarget "CCZU-helperTests" */ = {
			isa = XCConfigurationList;
			buildConfigurations = (
				452463192D6DFF6B009C2EEC /* Debug */,
				4524631A2D6DFF6B009C2EEC /* Release */,
			);
			defaultConfigurationIsVisible = 0;
			defaultConfigurationName = Release;
		};
		4524631B2D6DFF6B009C2EEC /* Build configuration list for PBXNativeTarget "CCZU-helperUITests" */ = {
			isa = XCConfigurationList;
			buildConfigurations = (
				4524631C2D6DFF6B009C2EEC /* Debug */,
				4524631D2D6DFF6B009C2EEC /* Release */,
			);
			defaultConfigurationIsVisible = 0;
			defaultConfigurationName = Release;
		};
/* End XCConfigurationList section */
	};
	rootObject = 452462E72D6DFF69009C2EEC /* Project object */;
}
